
Microsoft Visual Studio Solution File, Format Version 12.00
# Visual Studio Version 17
VisualStudioVersion = 17.0.32112.339
MinimumVisualStudioVersion = 10.0.40219.1
Project("{2150E333-8FDC-42A3-9474-1A3956D46DE8}") = "Solution Items", "Solution Items", "{719C113A-6804-4150-8473-BF889F06DFD6}"
	ProjectSection(SolutionItems) = preProject
		.editorconfig = .editorconfig
		.github\workflows\publish-beta.yml = .github\workflows\publish-beta.yml
		.github\workflows\publish.yml = .github\workflows\publish.yml
		Readme.MD = Readme.MD
		.github\workflows\test.yml = .github\workflows\test.yml
	EndProjectSection
EndProject
Project("{9A19103F-16F7-4668-BE54-9A1E7A4F7556}") = "NewLife.Melsec", "NewLife.Melsec\NewLife.Melsec.csproj", "{2B4793CE-80F1-4D8C-8287-ECE1E031CE41}"
EndProject
Project("{9A19103F-16F7-4668-BE54-9A1E7A4F7556}") = "Test", "Test\Test.csproj", "{D5275619-E773-4FE6-9DC5-9B1B9E01E9BA}"
EndProject
Project("{9A19103F-16F7-4668-BE54-9A1E7A4F7556}") = "Test2", "Test2\Test2.csproj", "{6B0D3C26-B64C-49A5-AC23-B995C5A2598D}"
EndProject
Project("{9A19103F-16F7-4668-BE54-9A1E7A4F7556}") = "XUnitTest", "XUnitTest\XUnitTest.csproj", "{78CEBBAB-1710-41BE-B465-81BF4A939FCA}"
EndProject
Global
	GlobalSection(SolutionConfigurationPlatforms) = preSolution
		Debug|Any CPU = Debug|Any CPU
		Release|Any CPU = Release|Any CPU
	EndGlobalSection
	GlobalSection(ProjectConfigurationPlatforms) = postSolution
		{2B4793CE-80F1-4D8C-8287-ECE1E031CE41}.Debug|Any CPU.ActiveCfg = Debug|Any CPU
		{2B4793CE-80F1-4D8C-8287-ECE1E031CE41}.Debug|Any CPU.Build.0 = Debug|Any CPU
		{2B4793CE-80F1-4D8C-8287-ECE1E031CE41}.Release|Any CPU.ActiveCfg = Release|Any CPU
		{2B4793CE-80F1-4D8C-8287-ECE1E031CE41}.Release|Any CPU.Build.0 = Release|Any CPU
		{D5275619-E773-4FE6-9DC5-9B1B9E01E9BA}.Debug|Any CPU.ActiveCfg = Debug|Any CPU
		{D5275619-E773-4FE6-9DC5-9B1B9E01E9BA}.Debug|Any CPU.Build.0 = Debug|Any CPU
		{D5275619-E773-4FE6-9DC5-9B1B9E01E9BA}.Release|Any CPU.ActiveCfg = Release|Any CPU
		{D5275619-E773-4FE6-9DC5-9B1B9E01E9BA}.Release|Any CPU.Build.0 = Release|Any CPU
		{6B0D3C26-B64C-49A5-AC23-B995C5A2598D}.Debug|Any CPU.ActiveCfg = Debug|Any CPU
		{6B0D3C26-B64C-49A5-AC23-B995C5A2598D}.Debug|Any CPU.Build.0 = Debug|Any CPU
		{6B0D3C26-B64C-49A5-AC23-B995C5A2598D}.Release|Any CPU.ActiveCfg = Release|Any CPU
		{6B0D3C26-B64C-49A5-AC23-B995C5A2598D}.Release|Any CPU.Build.0 = Release|Any CPU
		{78CEBBAB-1710-41BE-B465-81BF4A939FCA}.Debug|Any CPU.ActiveCfg = Debug|Any CPU
		{78CEBBAB-1710-41BE-B465-81BF4A939FCA}.Debug|Any CPU.Build.0 = Debug|Any CPU
		{78CEBBAB-1710-41BE-B465-81BF4A939FCA}.Release|Any CPU.ActiveCfg = Release|Any CPU
		{78CEBBAB-1710-41BE-B465-81BF4A939FCA}.Release|Any CPU.Build.0 = Release|Any CPU
	EndGlobalSection
	GlobalSection(SolutionProperties) = preSolution
		HideSolutionNode = FALSE
	EndGlobalSection
	GlobalSection(ExtensibilityGlobals) = postSolution
		SolutionGuid = {323831A1-A95B-40AB-B9AD-36A0BC10C2CB}
	EndGlobalSection
EndGlobal
